{
  "name": "final-project",
  "lockfileVersion": 2,
  "requires": true,
  "packages": {
    "": {
      "dependencies": {
        "@angular/cdk": "^15.1.3",
        "ngx-custom-validators": "^11.0.1"
      }
    },
    "node_modules/@angular/cdk": {
      "version": "15.1.3",
      "resolved": "https://registry.npmjs.org/@angular/cdk/-/cdk-15.1.3.tgz",
      "integrity": "sha512-FRb1ZirybQGVlRx34vsnkIyy4WHJlrRg2mwPeJ90b0DzIWuIZIiPYxxR2bAi/Si1IjnK8YBdacd5DXPdrW1jyw==",
      "dependencies": {
        "tslib": "^2.3.0"
      },
      "optionalDependencies": {
        "parse5": "^7.1.2"
      },
      "peerDependencies": {
        "@angular/common": "^15.0.0 || ^16.0.0",
        "@angular/core": "^15.0.0 || ^16.0.0",
        "rxjs": "^6.5.3 || ^7.4.0"
      }
    },
    "node_modules/@angular/common": {
      "version": "15.1.3",
      "resolved": "https://registry.npmjs.org/@angular/common/-/common-15.1.3.tgz",
      "integrity": "sha512-UjC0COaOcU1g/ODBBetv/BpdaFC/Y32DvXJ9qbD7kkwLwoqCjGOLDvtP36r9zEzPmH7oNkgNGDkgR3gyb82s5A==",
      "peer": true,
      "dependencies": {
        "tslib": "^2.3.0"
      },
      "engines": {
        "node": "^14.20.0 || ^16.13.0 || >=18.10.0"
      },
      "peerDependencies": {
        "@angular/core": "15.1.3",
        "rxjs": "^6.5.3 || ^7.4.0"
      }
    },
    "node_modules/@angular/compiler": {
      "version": "11.0.9",
      "resolved": "https://registry.npmjs.org/@angular/compiler/-/compiler-11.0.9.tgz",
      "integrity": "sha512-H2IfS6ciPWN0kmKhbwDuvS8ry5GcRFKfoyA/HGk+nQwCE2nAHC8VNwldbtoisO7XfRWr/uaTrh6z/vdfxsAiHw==",
      "dependencies": {
        "tslib": "^2.0.0"
      }
    },
    "node_modules/@angular/core": {
      "version": "15.1.3",
      "resolved": "https://registry.npmjs.org/@angular/core/-/core-15.1.3.tgz",
      "integrity": "sha512-rad9OYnaoRnXBztOBXsiD59VvOZTpsvO3sWx6KndytQFceFfkL722bF2l2LARN+R3IWDOwRap46HOtc0O0N+sw==",
      "peer": true,
      "dependencies": {
        "tslib": "^2.3.0"
      },
      "engines": {
        "node": "^14.20.0 || ^16.13.0 || >=18.10.0"
      },
      "peerDependencies": {
        "rxjs": "^6.5.3 || ^7.4.0",
        "zone.js": "~0.11.4 || ~0.12.0"
      }
    },
    "node_modules/entities": {
      "version": "4.4.0",
      "resolved": "https://registry.npmjs.org/entities/-/entities-4.4.0.tgz",
      "integrity": "sha512-oYp7156SP8LkeGD0GF85ad1X9Ai79WtRsZ2gxJqtBuzH+98YUV6jkHEKlZkMbcrjJjIVJNIDP/3WL9wQkoPbWA==",
      "optional": true,
      "engines": {
        "node": ">=0.12"
      },
      "funding": {
        "url": "https://github.com/fb55/entities?sponsor=1"
      }
    },
    "node_modules/moment": {
      "version": "2.29.4",
      "resolved": "https://registry.npmjs.org/moment/-/moment-2.29.4.tgz",
      "integrity": "sha512-5LC9SOxjSc2HF6vO2CyuTDNivEdoz2IvyJJGj6X8DJ0eFyfszE0QiEd+iXmBvUP3WHxSjFH/vIsA0EN00cgr8w==",
      "engines": {
        "node": "*"
      }
    },
    "node_modules/ngx-custom-validators": {
      "version": "11.0.1",
      "resolved": "https://registry.npmjs.org/ngx-custom-validators/-/ngx-custom-validators-11.0.1.tgz",
      "integrity": "sha512-dpbDjekLDLnTZDFKvRREFfVpywl5Z1YBF00nQQ3A9DVZhSXt/YY5vm7/v1ElwiSS1ogLcPZX0Qrl9VKUrvpnvQ==",
      "dependencies": {
        "@angular/common": "~11.0.0",
        "@angular/compiler": "~11.0.0",
        "@angular/core": "~11.0.0",
        "@angular/forms": "~11.0.0",
        "@angular/platform-browser": "~11.0.0",
        "@angular/platform-browser-dynamic": "~11.0.0",
        "moment": "^2.28.0",
        "rxjs": "~6.6.3",
        "tslib": "^2.0.0",
        "zone.js": "~0.11.1"
      },
      "peerDependencies": {
        "@angular/common": "~11.0.0",
        "@angular/core": "~11.0.0",
        "@angular/forms": "~11.0.0"
      }
    },
    "node_modules/ngx-custom-validators/node_modules/@angular/common": {
      "version": "11.0.9",
      "resolved": "https://registry.npmjs.org/@angular/common/-/common-11.0.9.tgz",
      "integrity": "sha512-QYJx+Y7Bmqdwtyk8TZDqF6io7gPaiZnUPrS/JbV/qB1QA8Q0OVaJSRRy/d0ahsc385+OiUhT7gVnbEh92oWXmQ==",
      "dependencies": {
        "tslib": "^2.0.0"
      },
      "peerDependencies": {
        "@angular/core": "11.0.9",
        "rxjs": "^6.5.3"
      }
    },
    "node_modules/ngx-custom-validators/node_modules/@angular/core": {
      "version": "11.0.9",
      "resolved": "https://registry.npmjs.org/@angular/core/-/core-11.0.9.tgz",
      "integrity": "sha512-J0ff3UK2Cw7Z0eNLtUXrpMFvmmkvPPZWLYIwimyc1pZys7qsIVT6cy2ybGEOhbJgC6qt3fo0DoJV3pGXTalb8A==",
      "dependencies": {
        "tslib": "^2.0.0"
      },
      "peerDependencies": {
        "rxjs": "^6.5.3",
        "zone.js": "~0.10.3"
      }
    },
    "node_modules/ngx-custom-validators/node_modules/@angular/forms": {
      "version": "11.0.9",
      "resolved": "https://registry.npmjs.org/@angular/forms/-/forms-11.0.9.tgz",
      "integrity": "sha512-DHi4puesP5iSBToT4FZVqLYZZpZDlAy2wgBe+OhCq7GCIqi8OLejB3bp9BnUd/WnNAHJd3zEjytexih6EPE0Xg==",
      "dependencies": {
        "tslib": "^2.0.0"
      },
      "peerDependencies": {
        "@angular/common": "11.0.9",
        "@angular/core": "11.0.9",
        "@angular/platform-browser": "11.0.9",
        "rxjs": "^6.5.3"
      }
    },
    "node_modules/ngx-custom-validators/node_modules/@angular/platform-browser": {
      "version": "11.0.9",
      "resolved": "https://registry.npmjs.org/@angular/platform-browser/-/platform-browser-11.0.9.tgz",
      "integrity": "sha512-snuq8SaIRuVDYJLy80kYCEuVITZZbtG3PvxamATvzpgYpAzBskToc4/7LKJk0IEVSMvKzi8eSBCDaK2f2ZJB3A==",
      "dependencies": {
        "tslib": "^2.0.0"
      },
      "peerDependencies": {
        "@angular/animations": "11.0.9",
        "@angular/common": "11.0.9",
        "@angular/core": "11.0.9"
      },
      "peerDependenciesMeta": {
        "@angular/animations": {
          "optional": true
        }
      }
    },
    "node_modules/ngx-custom-validators/node_modules/@angular/platform-browser-dynamic": {
      "version": "11.0.9",
      "resolved": "https://registry.npmjs.org/@angular/platform-browser-dynamic/-/platform-browser-dynamic-11.0.9.tgz",
      "integrity": "sha512-OCbXCXxPvpPu7vh3Ra1X+FfqA27TP2NcL/AlWhPTSGB+ggrEUgfdUjBSsULpMVPsD6pG/runGdM9CQjEK7g+DQ==",
      "dependencies": {
        "tslib": "^2.0.0"
      },
      "peerDependencies": {
        "@angular/common": "11.0.9",
        "@angular/compiler": "11.0.9",
        "@angular/core": "11.0.9",
        "@angular/platform-browser": "11.0.9"
      }
    },
    "node_modules/ngx-custom-validators/node_modules/zone.js": {
      "version": "0.11.8",
      "resolved": "https://registry.npmjs.org/zone.js/-/zone.js-0.11.8.tgz",
      "integrity": "sha512-82bctBg2hKcEJ21humWIkXRlLBBmrc3nN7DFh5LGGhcyycO2S7FN8NmdvlcKaGFDNVL4/9kFLmwmInTavdJERA==",
      "dependencies": {
        "tslib": "^2.3.0"
      }
    },
    "node_modules/parse5": {
      "version": "7.1.2",
      "resolved": "https://registry.npmjs.org/parse5/-/parse5-7.1.2.tgz",
      "integrity": "sha512-Czj1WaSVpaoj0wbhMzLmWD69anp2WH7FXMB9n1Sy8/ZFF9jolSQVMu1Ij5WIyGmcBmhk7EOndpO4mIpihVqAXw==",
      "optional": true,
      "dependencies": {
        "entities": "^4.4.0"
      },
      "funding": {
        "url": "https://github.com/inikulin/parse5?sponsor=1"
      }
    },
    "node_modules/rxjs": {
      "version": "6.6.7",
      "resolved": "https://registry.npmjs.org/rxjs/-/rxjs-6.6.7.tgz",
      "integrity": "sha512-hTdwr+7yYNIT5n4AMYp85KA6yw2Va0FLa3Rguvbpa4W3I5xynaBZo41cM3XM+4Q6fRMj3sBYIR1VAmZMXYJvRQ==",
      "dependencies": {
        "tslib": "^1.9.0"
      },
      "engines": {
        "npm": ">=2.0.0"
      }
    },
    "node_modules/rxjs/node_modules/tslib": {
      "version": "1.14.1",
      "resolved": "https://registry.npmjs.org/tslib/-/tslib-1.14.1.tgz",
      "integrity": "sha512-Xni35NKzjgMrwevysHTCArtLDpPvye8zV/0E4EyYn43P7/7qvQwPh9BGkHewbMulVntbigmcT7rdX3BNo9wRJg=="
    },
    "node_modules/tslib": {
      "version": "2.5.0",
      "resolved": "https://registry.npmjs.org/tslib/-/tslib-2.5.0.tgz",
      "integrity": "sha512-336iVw3rtn2BUK7ORdIAHTyxHGRIHVReokCR3XjbckJMK7ms8FysBfhLR8IXnAgy7T0PTPNBWKiH514FOW/WSg=="
    },
    "node_modules/zone.js": {
      "version": "0.12.0",
      "resolved": "https://registry.npmjs.org/zone.js/-/zone.js-0.12.0.tgz",
      "integrity": "sha512-XtC+I5dXU14HrzidAKBNMqneIVUykLEAA1x+v4KVrd6AUPWlwYORF8KgsVqvgdHiKZ4BkxxjvYi/ksEixTPR0Q==",
      "peer": true,
      "dependencies": {
        "tslib": "^2.3.0"
      }
    }
  },
  "dependencies": {
    "@angular/cdk": {
      "version": "15.1.3",
      "resolved": "https://registry.npmjs.org/@angular/cdk/-/cdk-15.1.3.tgz",
      "integrity": "sha512-FRb1ZirybQGVlRx34vsnkIyy4WHJlrRg2mwPeJ90b0DzIWuIZIiPYxxR2bAi/Si1IjnK8YBdacd5DXPdrW1jyw==",
      "requires": {
        "parse5": "^7.1.2",
        "tslib": "^2.3.0"
      }
    },
    "@angular/common": {
      "version": "15.1.3",
      "resolved": "https://registry.npmjs.org/@angular/common/-/common-15.1.3.tgz",
      "integrity": "sha512-UjC0COaOcU1g/ODBBetv/BpdaFC/Y32DvXJ9qbD7kkwLwoqCjGOLDvtP36r9zEzPmH7oNkgNGDkgR3gyb82s5A==",
      "peer": true,
      "requires": {
        "tslib": "^2.3.0"
      }
    },
    "@angular/compiler": {
      "version": "11.0.9",
      "resolved": "https://registry.npmjs.org/@angular/compiler/-/compiler-11.0.9.tgz",
      "integrity": "sha512-H2IfS6ciPWN0kmKhbwDuvS8ry5GcRFKfoyA/HGk+nQwCE2nAHC8VNwldbtoisO7XfRWr/uaTrh6z/vdfxsAiHw==",
      "requires": {
        "tslib": "^2.0.0"
      }
    },
    "@angular/core": {
      "version": "15.1.3",
      "resolved": "https://registry.npmjs.org/@angular/core/-/core-15.1.3.tgz",
      "integrity": "sha512-rad9OYnaoRnXBztOBXsiD59VvOZTpsvO3sWx6KndytQFceFfkL722bF2l2LARN+R3IWDOwRap46HOtc0O0N+sw==",
      "peer": true,
      "requires": {
        "tslib": "^2.3.0"
      }
    },
    "entities": {
      "version": "4.4.0",
      "resolved": "https://registry.npmjs.org/entities/-/entities-4.4.0.tgz",
      "integrity": "sha512-oYp7156SP8LkeGD0GF85ad1X9Ai79WtRsZ2gxJqtBuzH+98YUV6jkHEKlZkMbcrjJjIVJNIDP/3WL9wQkoPbWA==",
      "optional": true
    },
    "moment": {
      "version": "2.29.4",
      "resolved": "https://registry.npmjs.org/moment/-/moment-2.29.4.tgz",
      "integrity": "sha512-5LC9SOxjSc2HF6vO2CyuTDNivEdoz2IvyJJGj6X8DJ0eFyfszE0QiEd+iXmBvUP3WHxSjFH/vIsA0EN00cgr8w=="
    },
    "ngx-custom-validators": {
      "version": "11.0.1",
      "resolved": "https://registry.npmjs.org/ngx-custom-validators/-/ngx-custom-validators-11.0.1.tgz",
      "integrity": "sha512-dpbDjekLDLnTZDFKvRREFfVpywl5Z1YBF00nQQ3A9DVZhSXt/YY5vm7/v1ElwiSS1ogLcPZX0Qrl9VKUrvpnvQ==",
      "requires": {
        "@angular/common": "~11.0.0",
        "@angular/compiler": "~11.0.0",
        "@angular/core": "~11.0.0",
        "@angular/forms": "~11.0.0",
        "@angular/platform-browser": "~11.0.0",
        "@angular/platform-browser-dynamic": "~11.0.0",
        "moment": "^2.28.0",
        "rxjs": "~6.6.3",
        "tslib": "^2.0.0",
        "zone.js": "~0.11.1"
      },
      "dependencies": {
        "@angular/common": {
          "version": "11.0.9",
          "resolved": "https://registry.npmjs.org/@angular/common/-/common-11.0.9.tgz",
          "integrity": "sha512-QYJx+Y7Bmqdwtyk8TZDqF6io7gPaiZnUPrS/JbV/qB1QA8Q0OVaJSRRy/d0ahsc385+OiUhT7gVnbEh92oWXmQ==",
          "requires": {
            "tslib": "^2.0.0"
          }
        },
        "@angular/core": {
          "version": "11.0.9",
          "resolved": "https://registry.npmjs.org/@angular/core/-/core-11.0.9.tgz",
          "integrity": "sha512-J0ff3UK2Cw7Z0eNLtUXrpMFvmmkvPPZWLYIwimyc1pZys7qsIVT6cy2ybGEOhbJgC6qt3fo0DoJV3pGXTalb8A==",
          "requires": {
            "tslib": "^2.0.0"
          }
        },
        "@angular/forms": {
          "version": "11.0.9",
          "resolved": "https://registry.npmjs.org/@angular/forms/-/forms-11.0.9.tgz",
          "integrity": "sha512-DHi4puesP5iSBToT4FZVqLYZZpZDlAy2wgBe+OhCq7GCIqi8OLejB3bp9BnUd/WnNAHJd3zEjytexih6EPE0Xg==",
          "requires": {
            "tslib": "^2.0.0"
          }
        },
        "@angular/platform-browser": {
          "version": "11.0.9",
          "resolved": "https://registry.npmjs.org/@angular/platform-browser/-/platform-browser-11.0.9.tgz",
          "integrity": "sha512-snuq8SaIRuVDYJLy80kYCEuVITZZbtG3PvxamATvzpgYpAzBskToc4/7LKJk0IEVSMvKzi8eSBCDaK2f2ZJB3A==",
          "requires": {
            "tslib": "^2.0.0"
          }
        },
        "@angular/platform-browser-dynamic": {
          "version": "11.0.9",
          "resolved": "https://registry.npmjs.org/@angular/platform-browser-dynamic/-/platform-browser-dynamic-11.0.9.tgz",
          "integrity": "sha512-OCbXCXxPvpPu7vh3Ra1X+FfqA27TP2NcL/AlWhPTSGB+ggrEUgfdUjBSsULpMVPsD6pG/runGdM9CQjEK7g+DQ==",
          "requires": {
            "tslib": "^2.0.0"
          }
        },
        "zone.js": {
          "version": "0.11.8",
          "resolved": "https://registry.npmjs.org/zone.js/-/zone.js-0.11.8.tgz",
          "integrity": "sha512-82bctBg2hKcEJ21humWIkXRlLBBmrc3nN7DFh5LGGhcyycO2S7FN8NmdvlcKaGFDNVL4/9kFLmwmInTavdJERA==",
          "requires": {
            "tslib": "^2.3.0"
          }
        }
      }
    },
    "parse5": {
      "version": "7.1.2",
      "resolved": "https://registry.npmjs.org/parse5/-/parse5-7.1.2.tgz",
      "integrity": "sha512-Czj1WaSVpaoj0wbhMzLmWD69anp2WH7FXMB9n1Sy8/ZFF9jolSQVMu1Ij5WIyGmcBmhk7EOndpO4mIpihVqAXw==",
      "optional": true,
      "requires": {
        "entities": "^4.4.0"
      }
    },
    "rxjs": {
      "version": "6.6.7",
      "resolved": "https://registry.npmjs.org/rxjs/-/rxjs-6.6.7.tgz",
      "integrity": "sha512-hTdwr+7yYNIT5n4AMYp85KA6yw2Va0FLa3Rguvbpa4W3I5xynaBZo41cM3XM+4Q6fRMj3sBYIR1VAmZMXYJvRQ==",
      "requires": {
        "tslib": "^1.9.0"
      },
      "dependencies": {
        "tslib": {
          "version": "1.14.1",
          "resolved": "https://registry.npmjs.org/tslib/-/tslib-1.14.1.tgz",
          "integrity": "sha512-Xni35NKzjgMrwevysHTCArtLDpPvye8zV/0E4EyYn43P7/7qvQwPh9BGkHewbMulVntbigmcT7rdX3BNo9wRJg=="
        }
      }
    },
    "tslib": {
      "version": "2.5.0",
      "resolved": "https://registry.npmjs.org/tslib/-/tslib-2.5.0.tgz",
      "integrity": "sha512-336iVw3rtn2BUK7ORdIAHTyxHGRIHVReokCR3XjbckJMK7ms8FysBfhLR8IXnAgy7T0PTPNBWKiH514FOW/WSg=="
    },
    "zone.js": {
      "version": "0.12.0",
      "resolved": "https://registry.npmjs.org/zone.js/-/zone.js-0.12.0.tgz",
      "integrity": "sha512-XtC+I5dXU14HrzidAKBNMqneIVUykLEAA1x+v4KVrd6AUPWlwYORF8KgsVqvgdHiKZ4BkxxjvYi/ksEixTPR0Q==",
      "peer": true,
      "requires": {
        "tslib": "^2.3.0"
      }
    }
  }
}
